
Microsoft Visual Studio Solution File, Format Version 12.00
# Visual Studio Version 17
VisualStudioVersion = 17.14.36327.8 d17.14
MinimumVisualStudioVersion = 10.0.40219.1
Project("{FAE04EC0-301F-11D3-BF4B-00C04F79EFBC}") = "NilaiSiswaApp", "NilaiSiswaApp\NilaiSiswaApp.csproj", "{85A7FE23-957B-49B0-A39C-3F5647C2859C}"
EndProject
Global
	GlobalSection(SolutionConfigurationPlatforms) = preSolution
		Debug|Any CPU = Debug|Any CPU
		Release|Any CPU = Release|Any CPU
	EndGlobalSection
	GlobalSection(ProjectConfigurationPlatforms) = postSolution
		{85A7FE23-957B-49B0-A39C-3F5647C2859C}.Debug|Any CPU.ActiveCfg = Debug|Any CPU
		{85A7FE23-957B-49B0-A39C-3F5647C2859C}.Debug|Any CPU.Build.0 = Debug|Any CPU
		{85A7FE23-957B-49B0-A39C-3F5647C2859C}.Release|Any CPU.ActiveCfg = Release|Any CPU
		{85A7FE23-957B-49B0-A39C-3F5647C2859C}.Release|Any CPU.Build.0 = Release|Any CPU
	EndGlobalSection
	GlobalSection(SolutionProperties) = preSolution
		HideSolutionNode = FALSE
	EndGlobalSection
	GlobalSection(ExtensibilityGlobals) = postSolution
		SolutionGuid = {29F58600-68F8-4456-AD27-3E5150FC7215}
	EndGlobalSection
EndGlobal
